
Microsoft Visual Studio Solution File, Format Version 12.00
# Visual Studio 15
VisualStudioVersion = 15.0.27703.2042
MinimumVisualStudioVersion = 10.0.40219.1
Project("{FAE04EC0-301F-11D3-BF4B-00C04F79EFBC}") = "WebCrawler", "WebCrawler\WebCrawler.csproj", "{A44D68E5-0CA2-4AAF-A877-8D46F9A5C6A4}"
EndProject
Project("{FAE04EC0-301F-11D3-BF4B-00C04F79EFBC}") = "Models", "Models\Models.csproj", "{969DC8B8-F205-4883-BFF9-9FE8E1224DBD}"
EndProject
Global
	GlobalSection(SolutionConfigurationPlatforms) = preSolution
		Debug|Any CPU = Debug|Any CPU
		Release|Any CPU = Release|Any CPU
	EndGlobalSection
	GlobalSection(ProjectConfigurationPlatforms) = postSolution
		{A44D68E5-0CA2-4AAF-A877-8D46F9A5C6A4}.Debug|Any CPU.ActiveCfg = Debug|Any CPU
		{A44D68E5-0CA2-4AAF-A877-8D46F9A5C6A4}.Debug|Any CPU.Build.0 = Debug|Any CPU
		{A44D68E5-0CA2-4AAF-A877-8D46F9A5C6A4}.Release|Any CPU.ActiveCfg = Release|Any CPU
		{A44D68E5-0CA2-4AAF-A877-8D46F9A5C6A4}.Release|Any CPU.Build.0 = Release|Any CPU
		{969DC8B8-F205-4883-BFF9-9FE8E1224DBD}.Debug|Any CPU.ActiveCfg = Debug|Any CPU
		{969DC8B8-F205-4883-BFF9-9FE8E1224DBD}.Debug|Any CPU.Build.0 = Debug|Any CPU
		{969DC8B8-F205-4883-BFF9-9FE8E1224DBD}.Release|Any CPU.ActiveCfg = Release|Any CPU
		{969DC8B8-F205-4883-BFF9-9FE8E1224DBD}.Release|Any CPU.Build.0 = Release|Any CPU
	EndGlobalSection
	GlobalSection(SolutionProperties) = preSolution
		HideSolutionNode = FALSE
	EndGlobalSection
	GlobalSection(ExtensibilityGlobals) = postSolution
		SolutionGuid = {C9B103E7-E2E5-4D33-840A-2D759B5E808C}
	EndGlobalSection
EndGlobal
